
Microsoft Visual Studio Solution File, Format Version 12.00
# Visual Studio Version 17
VisualStudioVersion = 17.4.33213.308
MinimumVisualStudioVersion = 10.0.40219.1
Project("{9A19103F-16F7-4668-BE54-9A1E7A4F7556}") = "CryptoMaze.LabirintGameServer", "CryptoMaze.LabirintGameServer\CryptoMaze.LabirintGameServer.csproj", "{3F7B421C-1800-4136-BD5E-19DCE68BA0F2}"
EndProject
Project("{9A19103F-16F7-4668-BE54-9A1E7A4F7556}") = "CryptoMaze.LabirintGameServer.BLL", "CryptoMaze.LabirintGameServer.BLL\CryptoMaze.LabirintGameServer.BLL.csproj", "{A590FCD5-CC80-4689-B28E-164063C269BE}"
EndProject
Project("{FAE04EC0-301F-11D3-BF4B-00C04F79EFBC}") = "CryptoMaze.LabirintGameServer.DAL", "CryptoMaze.LabirintGameServer.DAL\CryptoMaze.LabirintGameServer.DAL.csproj", "{ACA7C02C-87D4-4D7F-B20B-8B414983AEEF}"
	ProjectSection(ProjectDependencies) = postProject
		{5B78756D-3924-4B7C-BB01-3152C80CD89F} = {5B78756D-3924-4B7C-BB01-3152C80CD89F}
	EndProjectSection
EndProject
Project("{9A19103F-16F7-4668-BE54-9A1E7A4F7556}") = "CryptoMaze.Common", "..\CryptoMaze\CryptoMaze.Common\CryptoMaze.Common.csproj", "{5B78756D-3924-4B7C-BB01-3152C80CD89F}"
EndProject
Project("{9A19103F-16F7-4668-BE54-9A1E7A4F7556}") = "CryptoMaze.ClientServer", "..\CryptoMaze\CryptoMaze.ClientServer\CryptoMaze.ClientServer.csproj", "{C6636DAC-4357-4AA5-AC2A-A19815944D2D}"
EndProject
Global
	GlobalSection(SolutionConfigurationPlatforms) = preSolution
		Debug|Any CPU = Debug|Any CPU
		Release|Any CPU = Release|Any CPU
	EndGlobalSection
	GlobalSection(ProjectConfigurationPlatforms) = postSolution
		{3F7B421C-1800-4136-BD5E-19DCE68BA0F2}.Debug|Any CPU.ActiveCfg = Debug|Any CPU
		{3F7B421C-1800-4136-BD5E-19DCE68BA0F2}.Debug|Any CPU.Build.0 = Debug|Any CPU
		{3F7B421C-1800-4136-BD5E-19DCE68BA0F2}.Release|Any CPU.ActiveCfg = Release|Any CPU
		{3F7B421C-1800-4136-BD5E-19DCE68BA0F2}.Release|Any CPU.Build.0 = Release|Any CPU
		{A590FCD5-CC80-4689-B28E-164063C269BE}.Debug|Any CPU.ActiveCfg = Debug|Any CPU
		{A590FCD5-CC80-4689-B28E-164063C269BE}.Debug|Any CPU.Build.0 = Debug|Any CPU
		{A590FCD5-CC80-4689-B28E-164063C269BE}.Release|Any CPU.ActiveCfg = Release|Any CPU
		{A590FCD5-CC80-4689-B28E-164063C269BE}.Release|Any CPU.Build.0 = Release|Any CPU
		{ACA7C02C-87D4-4D7F-B20B-8B414983AEEF}.Debug|Any CPU.ActiveCfg = Debug|Any CPU
		{ACA7C02C-87D4-4D7F-B20B-8B414983AEEF}.Debug|Any CPU.Build.0 = Debug|Any CPU
		{ACA7C02C-87D4-4D7F-B20B-8B414983AEEF}.Release|Any CPU.ActiveCfg = Release|Any CPU
		{ACA7C02C-87D4-4D7F-B20B-8B414983AEEF}.Release|Any CPU.Build.0 = Release|Any CPU
		{5B78756D-3924-4B7C-BB01-3152C80CD89F}.Debug|Any CPU.ActiveCfg = Debug|Any CPU
		{5B78756D-3924-4B7C-BB01-3152C80CD89F}.Debug|Any CPU.Build.0 = Debug|Any CPU
		{5B78756D-3924-4B7C-BB01-3152C80CD89F}.Release|Any CPU.ActiveCfg = Release|Any CPU
		{5B78756D-3924-4B7C-BB01-3152C80CD89F}.Release|Any CPU.Build.0 = Release|Any CPU
		{C6636DAC-4357-4AA5-AC2A-A19815944D2D}.Debug|Any CPU.ActiveCfg = Debug|Any CPU
		{C6636DAC-4357-4AA5-AC2A-A19815944D2D}.Debug|Any CPU.Build.0 = Debug|Any CPU
		{C6636DAC-4357-4AA5-AC2A-A19815944D2D}.Release|Any CPU.ActiveCfg = Release|Any CPU
		{C6636DAC-4357-4AA5-AC2A-A19815944D2D}.Release|Any CPU.Build.0 = Release|Any CPU
	EndGlobalSection
	GlobalSection(SolutionProperties) = preSolution
		HideSolutionNode = FALSE
	EndGlobalSection
	GlobalSection(ExtensibilityGlobals) = postSolution
		SolutionGuid = {2DC59878-8C2D-4EF1-A33E-81417F88DCB6}
	EndGlobalSection
EndGlobal
